
Microsoft Visual Studio Solution File, Format Version 12.00
# Visual Studio Version 17
VisualStudioVersion = 17.13.35931.197 d17.13
MinimumVisualStudioVersion = 10.0.40219.1
Project("{FAE04EC0-301F-11D3-BF4B-00C04F79EFBC}") = "FirstAPI", "FirstAPI\FirstAPI.csproj", "{8D89C2EF-526D-49BB-A209-152BA5E4781E}"
EndProject
Global
	GlobalSection(SolutionConfigurationPlatforms) = preSolution
		Debug|Any CPU = Debug|Any CPU
		Release|Any CPU = Release|Any CPU
	EndGlobalSection
	GlobalSection(ProjectConfigurationPlatforms) = postSolution
		{8D89C2EF-526D-49BB-A209-152BA5E4781E}.Debug|Any CPU.ActiveCfg = Debug|Any CPU
		{8D89C2EF-526D-49BB-A209-152BA5E4781E}.Debug|Any CPU.Build.0 = Debug|Any CPU
		{8D89C2EF-526D-49BB-A209-152BA5E4781E}.Release|Any CPU.ActiveCfg = Release|Any CPU
		{8D89C2EF-526D-49BB-A209-152BA5E4781E}.Release|Any CPU.Build.0 = Release|Any CPU
	EndGlobalSection
	GlobalSection(SolutionProperties) = preSolution
		HideSolutionNode = FALSE
	EndGlobalSection
	GlobalSection(ExtensibilityGlobals) = postSolution
		SolutionGuid = {8D2398C4-5162-4B2F-A17F-8FF9D59FFEA5}
	EndGlobalSection
EndGlobal
